// !$*UTF8*$!
{
	archiveVersion = 1;
	classes = {
	};
	objectVersion = 51;
	objects = {

/* Begin PBXBuildFile section */
		A620CD104586811846359B9D /* Pods_Smack.framework in Frameworks */ = {isa = PBXBuildFile; fileRef = 4D87D5AA862893ADEFD46CB9 /* Pods_Smack.framework */; };
		F01DE70C240FD05F008F24A5 /* AddChannelVC.swift in Sources */ = {isa = PBXBuildFile; fileRef = F01DE70A240FD05F008F24A5 /* AddChannelVC.swift */; };
		F01DE70D240FD05F008F24A5 /* AddChannelVC.xib in Resources */ = {isa = PBXBuildFile; fileRef = F01DE70B240FD05F008F24A5 /* AddChannelVC.xib */; };
		F01DE70F240FD590008F24A5 /* RoundedButton.swift in Sources */ = {isa = PBXBuildFile; fileRef = F01DE70E240FD590008F24A5 /* RoundedButton.swift */; };
		F01DE711240FE87C008F24A5 /* SocketService.swift in Sources */ = {isa = PBXBuildFile; fileRef = F01DE710240FE87C008F24A5 /* SocketService.swift */; };
		F0525B42240C33C00034D341 /* MessageService.swift in Sources */ = {isa = PBXBuildFile; fileRef = F0525B41240C33C00034D341 /* MessageService.swift */; };
		F0525B44240C34530034D341 /* Channel.swift in Sources */ = {isa = PBXBuildFile; fileRef = F0525B43240C34530034D341 /* Channel.swift */; };
		F0525B46240C63E00034D341 /* channelCell.swift in Sources */ = {isa = PBXBuildFile; fileRef = F0525B45240C63E00034D341 /* channelCell.swift */; };
		F06A19A123EC46ED00918D80 /* ProfileVC.swift in Sources */ = {isa = PBXBuildFile; fileRef = F06A199F23EC46ED00918D80 /* ProfileVC.swift */; };
		F06A19A223EC46ED00918D80 /* ProfileVC.xib in Resources */ = {isa = PBXBuildFile; fileRef = F06A19A023EC46ED00918D80 /* ProfileVC.xib */; };
		F06BFB5D23E9C913005018D3 /* UserDataService.swift in Sources */ = {isa = PBXBuildFile; fileRef = F06BFB5C23E9C913005018D3 /* UserDataService.swift */; };
		F0C7FE3A23E1EC9B007DA756 /* AppDelegate.swift in Sources */ = {isa = PBXBuildFile; fileRef = F0C7FE3923E1EC9B007DA756 /* AppDelegate.swift */; };
		F0C7FE3F23E1EC9B007DA756 /* Main.storyboard in Resources */ = {isa = PBXBuildFile; fileRef = F0C7FE3D23E1EC9B007DA756 /* Main.storyboard */; };
		F0C7FE4123E1ECA0007DA756 /* Assets.xcassets in Resources */ = {isa = PBXBuildFile; fileRef = F0C7FE4023E1ECA0007DA756 /* Assets.xcassets */; };
		F0C7FE4423E1ECA0007DA756 /* LaunchScreen.storyboard in Resources */ = {isa = PBXBuildFile; fileRef = F0C7FE4223E1ECA0007DA756 /* LaunchScreen.storyboard */; };
		F0C7FE4F23E1F4AA007DA756 /* SWRevealViewController.m in Sources */ = {isa = PBXBuildFile; fileRef = F0C7FE4D23E1F4A9007DA756 /* SWRevealViewController.m */; };
		F0C7FE5423E1FAB3007DA756 /* ChatVC.swift in Sources */ = {isa = PBXBuildFile; fileRef = F0C7FE5323E1FAB3007DA756 /* ChatVC.swift */; };
		F0C7FE5623E1FACF007DA756 /* ChannelVC.swift in Sources */ = {isa = PBXBuildFile; fileRef = F0C7FE5523E1FACF007DA756 /* ChannelVC.swift */; };
		F0C7FE5823E225F1007DA756 /* GradientView.swift in Sources */ = {isa = PBXBuildFile; fileRef = F0C7FE5723E225F1007DA756 /* GradientView.swift */; };
		F0C7FE5A23E25CF0007DA756 /* LoginVC.swift in Sources */ = {isa = PBXBuildFile; fileRef = F0C7FE5923E25CF0007DA756 /* LoginVC.swift */; };
		F0C7FE5C23E25F4E007DA756 /* CreateAccountVC.swift in Sources */ = {isa = PBXBuildFile; fileRef = F0C7FE5B23E25F4E007DA756 /* CreateAccountVC.swift */; };
		F0E5586023EAE0F700679084 /* AvatarPickerVC.swift in Sources */ = {isa = PBXBuildFile; fileRef = F0E5585F23EAE0F700679084 /* AvatarPickerVC.swift */; };
		F0E5586223EAE7F700679084 /* AvatarCell.swift in Sources */ = {isa = PBXBuildFile; fileRef = F0E5586123EAE7F700679084 /* AvatarCell.swift */; };
		F0E5586423EB148000679084 /* CircleImage.swift in Sources */ = {isa = PBXBuildFile; fileRef = F0E5586323EB148000679084 /* CircleImage.swift */; };
		F0EDE2BB23E8849B00C79B17 /* Constants.swift in Sources */ = {isa = PBXBuildFile; fileRef = F0EDE2BA23E8849B00C79B17 /* Constants.swift */; };
		F0EDE2BE23E884D700C79B17 /* AuthService.swift in Sources */ = {isa = PBXBuildFile; fileRef = F0EDE2BD23E884D700C79B17 /* AuthService.swift */; };
/* End PBXBuildFile section */

/* Begin PBXFileReference section */
		06A080BE6F2AFB72AC4B8872 /* Pods-Smack.debug.xcconfig */ = {isa = PBXFileReference; includeInIndex = 1; lastKnownFileType = text.xcconfig; name = "Pods-Smack.debug.xcconfig"; path = "Target Support Files/Pods-Smack/Pods-Smack.debug.xcconfig"; sourceTree = "<group>"; };
		4D87D5AA862893ADEFD46CB9 /* Pods_Smack.framework */ = {isa = PBXFileReference; explicitFileType = wrapper.framework; includeInIndex = 0; path = Pods_Smack.framework; sourceTree = BUILT_PRODUCTS_DIR; };
		DC88B26D8E93CC5C06BFD919 /* Pods-Smack.release.xcconfig */ = {isa = PBXFileReference; includeInIndex = 1; lastKnownFileType = text.xcconfig; name = "Pods-Smack.release.xcconfig"; path = "Target Support Files/Pods-Smack/Pods-Smack.release.xcconfig"; sourceTree = "<group>"; };
		F01DE70A240FD05F008F24A5 /* AddChannelVC.swift */ = {isa = PBXFileReference; lastKnownFileType = sourcecode.swift; path = AddChannelVC.swift; sourceTree = "<group>"; };
		F01DE70B240FD05F008F24A5 /* AddChannelVC.xib */ = {isa = PBXFileReference; lastKnownFileType = file.xib; path = AddChannelVC.xib; sourceTree = "<group>"; };
		F01DE70E240FD590008F24A5 /* RoundedButton.swift */ = {isa = PBXFileReference; lastKnownFileType = sourcecode.swift; path = RoundedButton.swift; sourceTree = "<group>"; };
		F01DE710240FE87C008F24A5 /* SocketService.swift */ = {isa = PBXFileReference; lastKnownFileType = sourcecode.swift; path = SocketService.swift; sourceTree = "<group>"; };
		F0525B41240C33C00034D341 /* MessageService.swift */ = {isa = PBXFileReference; lastKnownFileType = sourcecode.swift; path = MessageService.swift; sourceTree = "<group>"; };
		F0525B43240C34530034D341 /* Channel.swift */ = {isa = PBXFileReference; lastKnownFileType = sourcecode.swift; path = Channel.swift; sourceTree = "<group>"; };
		F0525B45240C63E00034D341 /* channelCell.swift */ = {isa = PBXFileReference; lastKnownFileType = sourcecode.swift; path = channelCell.swift; sourceTree = "<group>"; };
		F06A199F23EC46ED00918D80 /* ProfileVC.swift */ = {isa = PBXFileReference; lastKnownFileType = sourcecode.swift; path = ProfileVC.swift; sourceTree = "<group>"; };
		F06A19A023EC46ED00918D80 /* ProfileVC.xib */ = {isa = PBXFileReference; lastKnownFileType = file.xib; path = ProfileVC.xib; sourceTree = "<group>"; };
		F06BFB5C23E9C913005018D3 /* UserDataService.swift */ = {isa = PBXFileReference; lastKnownFileType = sourcecode.swift; path = UserDataService.swift; sourceTree = "<group>"; };
		F0C7FE3623E1EC9B007DA756 /* Smack.app */ = {isa = PBXFileReference; explicitFileType = wrapper.application; includeInIndex = 0; path = Smack.app; sourceTree = BUILT_PRODUCTS_DIR; };
		F0C7FE3923E1EC9B007DA756 /* AppDelegate.swift */ = {isa = PBXFileReference; lastKnownFileType = sourcecode.swift; path = AppDelegate.swift; sourceTree = "<group>"; };
		F0C7FE3E23E1EC9B007DA756 /* Base */ = {isa = PBXFileReference; lastKnownFileType = file.storyboard; name = Base; path = Base.lproj/Main.storyboard; sourceTree = "<group>"; };
		F0C7FE4023E1ECA0007DA756 /* Assets.xcassets */ = {isa = PBXFileReference; lastKnownFileType = folder.assetcatalog; path = Assets.xcassets; sourceTree = "<group>"; };
		F0C7FE4323E1ECA0007DA756 /* Base */ = {isa = PBXFileReference; lastKnownFileType = file.storyboard; name = Base; path = Base.lproj/LaunchScreen.storyboard; sourceTree = "<group>"; };
		F0C7FE4523E1ECA0007DA756 /* Info.plist */ = {isa = PBXFileReference; lastKnownFileType = text.plist.xml; path = Info.plist; sourceTree = "<group>"; };
		F0C7FE4C23E1F4A7007DA756 /* Smack-Bridging-Header.h */ = {isa = PBXFileReference; lastKnownFileType = sourcecode.c.h; path = "Smack-Bridging-Header.h"; sourceTree = "<group>"; };
		F0C7FE4D23E1F4A9007DA756 /* SWRevealViewController.m */ = {isa = PBXFileReference; fileEncoding = 4; lastKnownFileType = sourcecode.c.objc; path = SWRevealViewController.m; sourceTree = "<group>"; };
		F0C7FE4E23E1F4AA007DA756 /* SWRevealViewController.h */ = {isa = PBXFileReference; fileEncoding = 4; lastKnownFileType = sourcecode.c.h; path = SWRevealViewController.h; sourceTree = "<group>"; };
		F0C7FE5323E1FAB3007DA756 /* ChatVC.swift */ = {isa = PBXFileReference; lastKnownFileType = sourcecode.swift; path = ChatVC.swift; sourceTree = "<group>"; };
		F0C7FE5523E1FACF007DA756 /* ChannelVC.swift */ = {isa = PBXFileReference; lastKnownFileType = sourcecode.swift; path = ChannelVC.swift; sourceTree = "<group>"; };
		F0C7FE5723E225F1007DA756 /* GradientView.swift */ = {isa = PBXFileReference; lastKnownFileType = sourcecode.swift; path = GradientView.swift; sourceTree = "<group>"; };
		F0C7FE5923E25CF0007DA756 /* LoginVC.swift */ = {isa = PBXFileReference; lastKnownFileType = sourcecode.swift; path = LoginVC.swift; sourceTree = "<group>"; };
		F0C7FE5B23E25F4E007DA756 /* CreateAccountVC.swift */ = {isa = PBXFileReference; lastKnownFileType = sourcecode.swift; path = CreateAccountVC.swift; sourceTree = "<group>"; };
		F0E5585F23EAE0F700679084 /* AvatarPickerVC.swift */ = {isa = PBXFileReference; lastKnownFileType = sourcecode.swift; path = AvatarPickerVC.swift; sourceTree = "<group>"; };
		F0E5586123EAE7F700679084 /* AvatarCell.swift */ = {isa = PBXFileReference; lastKnownFileType = sourcecode.swift; path = AvatarCell.swift; sourceTree = "<group>"; };
		F0E5586323EB148000679084 /* CircleImage.swift */ = {isa = PBXFileReference; lastKnownFileType = sourcecode.swift; path = CircleImage.swift; sourceTree = "<group>"; };
		F0EDE2BA23E8849B00C79B17 /* Constants.swift */ = {isa = PBXFileReference; lastKnownFileType = sourcecode.swift; path = Constants.swift; sourceTree = "<group>"; };
		F0EDE2BD23E884D700C79B17 /* AuthService.swift */ = {isa = PBXFileReference; lastKnownFileType = sourcecode.swift; path = AuthService.swift; sourceTree = "<group>"; };
/* End PBXFileReference section */

/* Begin PBXFrameworksBuildPhase section */
		F0C7FE3323E1EC9B007DA756 /* Frameworks */ = {
			isa = PBXFrameworksBuildPhase;
			buildActionMask = 2147483647;
			files = (
				A620CD104586811846359B9D /* Pods_Smack.framework in Frameworks */,
			);
			runOnlyForDeploymentPostprocessing = 0;
		};
/* End PBXFrameworksBuildPhase section */

/* Begin PBXGroup section */
		3A33729E61E1E4B7324F47C4 /* Frameworks */ = {
			isa = PBXGroup;
			children = (
				4D87D5AA862893ADEFD46CB9 /* Pods_Smack.framework */,
			);
			name = Frameworks;
			sourceTree = "<group>";
		};
		D52C543F9BECF8EC469A166D /* Pods */ = {
			isa = PBXGroup;
			children = (
				06A080BE6F2AFB72AC4B8872 /* Pods-Smack.debug.xcconfig */,
				DC88B26D8E93CC5C06BFD919 /* Pods-Smack.release.xcconfig */,
			);
			path = Pods;
			sourceTree = "<group>";
		};
		F06A19A323EC470E00918D80 /* XIBs */ = {
			isa = PBXGroup;
			children = (
				F06A19A023EC46ED00918D80 /* ProfileVC.xib */,
				F01DE70B240FD05F008F24A5 /* AddChannelVC.xib */,
			);
			path = XIBs;
			sourceTree = "<group>";
		};
		F0C7FE2D23E1EC9B007DA756 = {
			isa = PBXGroup;
			children = (
				F0C7FE3823E1EC9B007DA756 /* Smack */,
				F0C7FE3723E1EC9B007DA756 /* Products */,
				D52C543F9BECF8EC469A166D /* Pods */,
				3A33729E61E1E4B7324F47C4 /* Frameworks */,
			);
			sourceTree = "<group>";
		};
		F0C7FE3723E1EC9B007DA756 /* Products */ = {
			isa = PBXGroup;
			children = (
				F0C7FE3623E1EC9B007DA756 /* Smack.app */,
			);
			name = Products;
			sourceTree = "<group>";
		};
		F0C7FE3823E1EC9B007DA756 /* Smack */ = {
			isa = PBXGroup;
			children = (
				F06A19A323EC470E00918D80 /* XIBs */,
				F0EDE2BC23E884B000C79B17 /* Services */,
				F0EDE2B923E8846200C79B17 /* Utilities */,
				F0C7FE5223E1FA44007DA756 /* Model */,
				F0C7FE5123E1FA39007DA756 /* View */,
				F0C7FE5023E1FA29007DA756 /* Controller */,
				F0C7FE4B23E1F46D007DA756 /* Supporting Files */,
				F0C7FE3923E1EC9B007DA756 /* AppDelegate.swift */,
				F0C7FE3D23E1EC9B007DA756 /* Main.storyboard */,
				F0C7FE4023E1ECA0007DA756 /* Assets.xcassets */,
				F0C7FE4223E1ECA0007DA756 /* LaunchScreen.storyboard */,
				F0C7FE4523E1ECA0007DA756 /* Info.plist */,
			);
			path = Smack;
			sourceTree = "<group>";
		};
		F0C7FE4B23E1F46D007DA756 /* Supporting Files */ = {
			isa = PBXGroup;
			children = (
				F0C7FE4E23E1F4AA007DA756 /* SWRevealViewController.h */,
				F0C7FE4D23E1F4A9007DA756 /* SWRevealViewController.m */,
				F0C7FE4C23E1F4A7007DA756 /* Smack-Bridging-Header.h */,
			);
			path = "Supporting Files";
			sourceTree = "<group>";
		};
		F0C7FE5023E1FA29007DA756 /* Controller */ = {
			isa = PBXGroup;
			children = (
				F0C7FE5323E1FAB3007DA756 /* ChatVC.swift */,
				F0C7FE5523E1FACF007DA756 /* ChannelVC.swift */,
				F0C7FE5923E25CF0007DA756 /* LoginVC.swift */,
				F0C7FE5B23E25F4E007DA756 /* CreateAccountVC.swift */,
				F0E5585F23EAE0F700679084 /* AvatarPickerVC.swift */,
				F06A199F23EC46ED00918D80 /* ProfileVC.swift */,
				F01DE70A240FD05F008F24A5 /* AddChannelVC.swift */,
			);
			path = Controller;
			sourceTree = "<group>";
		};
		F0C7FE5123E1FA39007DA756 /* View */ = {
			isa = PBXGroup;
			children = (
				F0C7FE5723E225F1007DA756 /* GradientView.swift */,
				F0E5586123EAE7F700679084 /* AvatarCell.swift */,
				F0E5586323EB148000679084 /* CircleImage.swift */,
				F01DE70E240FD590008F24A5 /* RoundedButton.swift */,
				F0525B45240C63E00034D341 /* channelCell.swift */,
			);
			path = View;
			sourceTree = "<group>";
		};
		F0C7FE5223E1FA44007DA756 /* Model */ = {
			isa = PBXGroup;
			children = (
				F0525B43240C34530034D341 /* Channel.swift */,
			);
			path = Model;
			sourceTree = "<group>";
		};
		F0EDE2B923E8846200C79B17 /* Utilities */ = {
			isa = PBXGroup;
			children = (
				F0EDE2BA23E8849B00C79B17 /* Constants.swift */,
			);
			path = Utilities;
			sourceTree = "<group>";
		};
		F0EDE2BC23E884B000C79B17 /* Services */ = {
			isa = PBXGroup;
			children = (
				F0EDE2BD23E884D700C79B17 /* AuthService.swift */,
				F06BFB5C23E9C913005018D3 /* UserDataService.swift */,
				F0525B41240C33C00034D341 /* MessageService.swift */,
				F01DE710240FE87C008F24A5 /* SocketService.swift */,
			);
			path = Services;
			sourceTree = "<group>";
		};
/* End PBXGroup section */

/* Begin PBXNativeTarget section */
		F0C7FE3523E1EC9B007DA756 /* Smack */ = {
			isa = PBXNativeTarget;
			buildConfigurationList = F0C7FE4823E1ECA0007DA756 /* Build configuration list for PBXNativeTarget "Smack" */;
			buildPhases = (
				68E49C3693D2D83AC85E4FF4 /* [CP] Check Pods Manifest.lock */,
				F0C7FE3223E1EC9B007DA756 /* Sources */,
				F0C7FE3323E1EC9B007DA756 /* Frameworks */,
				F0C7FE3423E1EC9B007DA756 /* Resources */,
				666121E5A6B4AD933CADF0C4 /* [CP] Embed Pods Frameworks */,
			);
			buildRules = (
			);
			dependencies = (
			);
			name = Smack;
			productName = Smack;
			productReference = F0C7FE3623E1EC9B007DA756 /* Smack.app */;
			productType = "com.apple.product-type.application";
		};
/* End PBXNativeTarget section */

/* Begin PBXProject section */
		F0C7FE2E23E1EC9B007DA756 /* Project object */ = {
			isa = PBXProject;
			attributes = {
				LastSwiftUpdateCheck = 1010;
				LastUpgradeCheck = 1010;
				ORGANIZATIONNAME = "Peter Emel";
				TargetAttributes = {
					F0C7FE3523E1EC9B007DA756 = {
						CreatedOnToolsVersion = 10.1;
						LastSwiftMigration = 1010;
					};
				};
			};
			buildConfigurationList = F0C7FE3123E1EC9B007DA756 /* Build configuration list for PBXProject "Smack" */;
			compatibilityVersion = "Xcode 9.3";
			developmentRegion = en;
			hasScannedForEncodings = 0;
			knownRegions = (
				en,
				Base,
			);
			mainGroup = F0C7FE2D23E1EC9B007DA756;
			productRefGroup = F0C7FE3723E1EC9B007DA756 /* Products */;
			projectDirPath = "";
			projectRoot = "";
			targets = (
				F0C7FE3523E1EC9B007DA756 /* Smack */,
			);
		};
/* End PBXProject section */

/* Begin PBXResourcesBuildPhase section */
		F0C7FE3423E1EC9B007DA756 /* Resources */ = {
			isa = PBXResourcesBuildPhase;
			buildActionMask = 2147483647;
			files = (
				F01DE70D240FD05F008F24A5 /* AddChannelVC.xib in Resources */,
				F06A19A223EC46ED00918D80 /* ProfileVC.xib in Resources */,
				F0C7FE4423E1ECA0007DA756 /* LaunchScreen.storyboard in Resources */,
				F0C7FE4123E1ECA0007DA756 /* Assets.xcassets in Resources */,
				F0C7FE3F23E1EC9B007DA756 /* Main.storyboard in Resources */,
			);
			runOnlyForDeploymentPostprocessing = 0;
		};
/* End PBXResourcesBuildPhase section */

/* Begin PBXShellScriptBuildPhase section */
		666121E5A6B4AD933CADF0C4 /* [CP] Embed Pods Frameworks */ = {
			isa = PBXShellScriptBuildPhase;
			buildActionMask = 2147483647;
			files = (
			);
			inputFileListPaths = (
				"${PODS_ROOT}/Target Support Files/Pods-Smack/Pods-Smack-frameworks-${CONFIGURATION}-input-files.xcfilelist",
			);
			name = "[CP] Embed Pods Frameworks";
			outputFileListPaths = (
				"${PODS_ROOT}/Target Support Files/Pods-Smack/Pods-Smack-frameworks-${CONFIGURATION}-output-files.xcfilelist",
			);
			runOnlyForDeploymentPostprocessing = 0;
			shellPath = /bin/sh;
			shellScript = "\"${PODS_ROOT}/Target Support Files/Pods-Smack/Pods-Smack-frameworks.sh\"\n";
			showEnvVarsInLog = 0;
		};
		68E49C3693D2D83AC85E4FF4 /* [CP] Check Pods Manifest.lock */ = {
			isa = PBXShellScriptBuildPhase;
			buildActionMask = 2147483647;
			files = (
			);
			inputFileListPaths = (
			);
			inputPaths = (
				"${PODS_PODFILE_DIR_PATH}/Podfile.lock",
				"${PODS_ROOT}/Manifest.lock",
			);
			name = "[CP] Check Pods Manifest.lock";
			outputFileListPaths = (
			);
			outputPaths = (
				"$(DERIVED_FILE_DIR)/Pods-Smack-checkManifestLockResult.txt",
			);
			runOnlyForDeploymentPostprocessing = 0;
			shellPath = /bin/sh;
			shellScript = "diff \"${PODS_PODFILE_DIR_PATH}/Podfile.lock\" \"${PODS_ROOT}/Manifest.lock\" > /dev/null\nif [ $? != 0 ] ; then\n    # print error to STDERR\n    echo \"error: The sandbox is not in sync with the Podfile.lock. Run 'pod install' or update your CocoaPods installation.\" >&2\n    exit 1\nfi\n# This output is used by Xcode 'outputs' to avoid re-running this script phase.\necho \"SUCCESS\" > \"${SCRIPT_OUTPUT_FILE_0}\"\n";
			showEnvVarsInLog = 0;
		};
/* End PBXShellScriptBuildPhase section */

/* Begin PBXSourcesBuildPhase section */
		F0C7FE3223E1EC9B007DA756 /* Sources */ = {
			isa = PBXSourcesBuildPhase;
			buildActionMask = 2147483647;
			files = (
				F01DE711240FE87C008F24A5 /* SocketService.swift in Sources */,
				F0C7FE5623E1FACF007DA756 /* ChannelVC.swift in Sources */,
				F0525B44240C34530034D341 /* Channel.swift in Sources */,
				F0525B46240C63E00034D341 /* channelCell.swift in Sources */,
				F0C7FE5423E1FAB3007DA756 /* ChatVC.swift in Sources */,
				F06A19A123EC46ED00918D80 /* ProfileVC.swift in Sources */,
				F0E5586023EAE0F700679084 /* AvatarPickerVC.swift in Sources */,
				F0E5586423EB148000679084 /* CircleImage.swift in Sources */,
				F0C7FE5A23E25CF0007DA756 /* LoginVC.swift in Sources */,
				F0EDE2BE23E884D700C79B17 /* AuthService.swift in Sources */,
				F0C7FE5823E225F1007DA756 /* GradientView.swift in Sources */,
				F0C7FE5C23E25F4E007DA756 /* CreateAccountVC.swift in Sources */,
				F06BFB5D23E9C913005018D3 /* UserDataService.swift in Sources */,
				F01DE70C240FD05F008F24A5 /* AddChannelVC.swift in Sources */,
				F0525B42240C33C00034D341 /* MessageService.swift in Sources */,
				F0C7FE3A23E1EC9B007DA756 /* AppDelegate.swift in Sources */,
				F01DE70F240FD590008F24A5 /* RoundedButton.swift in Sources */,
				F0C7FE4F23E1F4AA007DA756 /* SWRevealViewController.m in Sources */,
				F0E5586223EAE7F700679084 /* AvatarCell.swift in Sources */,
				F0EDE2BB23E8849B00C79B17 /* Constants.swift in Sources */,
			);
			runOnlyForDeploymentPostprocessing = 0;
		};
/* End PBXSourcesBuildPhase section */

/* Begin PBXVariantGroup section */
		F0C7FE3D23E1EC9B007DA756 /* Main.storyboard */ = {
			isa = PBXVariantGroup;
			children = (
				F0C7FE3E23E1EC9B007DA756 /* Base */,
			);
			name = Main.storyboard;
			sourceTree = "<group>";
		};
		F0C7FE4223E1ECA0007DA756 /* LaunchScreen.storyboard */ = {
			isa = PBXVariantGroup;
			children = (
				F0C7FE4323E1ECA0007DA756 /* Base */,
			);
			name = LaunchScreen.storyboard;
			sourceTree = "<group>";
		};
/* End PBXVariantGroup section */

/* Begin XCBuildConfiguration section */
		F0C7FE4623E1ECA0007DA756 /* Debug */ = {
			isa = XCBuildConfiguration;
			buildSettings = {
				ALWAYS_SEARCH_USER_PATHS = NO;
				CLANG_ANALYZER_NONNULL = YES;
				CLANG_ANALYZER_NUMBER_OBJECT_CONVERSION = YES_AGGRESSIVE;
				CLANG_CXX_LANGUAGE_STANDARD = "gnu++14";
				CLANG_CXX_LIBRARY = "libc++";
				CLANG_ENABLE_MODULES = YES;
				CLANG_ENABLE_OBJC_ARC = YES;
				CLANG_ENABLE_OBJC_WEAK = YES;
				CLANG_WARN_BLOCK_CAPTURE_AUTORELEASING = YES;
				CLANG_WARN_BOOL_CONVERSION = YES;
				CLANG_WARN_COMMA = YES;
				CLANG_WARN_CONSTANT_CONVERSION = YES;
				CLANG_WARN_DEPRECATED_OBJC_IMPLEMENTATIONS = YES;
				CLANG_WARN_DIRECT_OBJC_ISA_USAGE = YES_ERROR;
				CLANG_WARN_DOCUMENTATION_COMMENTS = YES;
				CLANG_WARN_EMPTY_BODY = YES;
				CLANG_WARN_ENUM_CONVERSION = YES;
				CLANG_WARN_INFINITE_RECURSION = YES;
				CLANG_WARN_INT_CONVERSION = YES;
				CLANG_WARN_NON_LITERAL_NULL_CONVERSION = YES;
				CLANG_WARN_OBJC_IMPLICIT_RETAIN_SELF = YES;
				CLANG_WARN_OBJC_LITERAL_CONVERSION = YES;
				CLANG_WARN_OBJC_ROOT_CLASS = YES_ERROR;
				CLANG_WARN_RANGE_LOOP_ANALYSIS = YES;
				CLANG_WARN_STRICT_PROTOTYPES = YES;
				CLANG_WARN_SUSPICIOUS_MOVE = YES;
				CLANG_WARN_UNGUARDED_AVAILABILITY = YES_AGGRESSIVE;
				CLANG_WARN_UNREACHABLE_CODE = YES;
				CLANG_WARN__DUPLICATE_METHOD_MATCH = YES;
				CODE_SIGN_IDENTITY = "iPhone Developer";
				COPY_PHASE_STRIP = NO;
				DEBUG_INFORMATION_FORMAT = dwarf;
				ENABLE_STRICT_OBJC_MSGSEND = YES;
				ENABLE_TESTABILITY = YES;
				GCC_C_LANGUAGE_STANDARD = gnu11;
				GCC_DYNAMIC_NO_PIC = NO;
				GCC_NO_COMMON_BLOCKS = YES;
				GCC_OPTIMIZATION_LEVEL = 0;
				GCC_PREPROCESSOR_DEFINITIONS = (
					"DEBUG=1",
					"$(inherited)",
				);
				GCC_WARN_64_TO_32_BIT_CONVERSION = YES;
				GCC_WARN_ABOUT_RETURN_TYPE = YES_ERROR;
				GCC_WARN_UNDECLARED_SELECTOR = YES;
				GCC_WARN_UNINITIALIZED_AUTOS = YES_AGGRESSIVE;
				GCC_WARN_UNUSED_FUNCTION = YES;
				GCC_WARN_UNUSED_VARIABLE = YES;
				IPHONEOS_DEPLOYMENT_TARGET = 12.1;
				MTL_ENABLE_DEBUG_INFO = INCLUDE_SOURCE;
				MTL_FAST_MATH = YES;
				ONLY_ACTIVE_ARCH = YES;
				SDKROOT = iphoneos;
				SWIFT_ACTIVE_COMPILATION_CONDITIONS = DEBUG;
				SWIFT_OPTIMIZATION_LEVEL = "-Onone";
			};
			name = Debug;
		};
		F0C7FE4723E1ECA0007DA756 /* Release */ = {
			isa = XCBuildConfiguration;
			buildSettings = {
				ALWAYS_SEARCH_USER_PATHS = NO;
				CLANG_ANALYZER_NONNULL = YES;
				CLANG_ANALYZER_NUMBER_OBJECT_CONVERSION = YES_AGGRESSIVE;
				CLANG_CXX_LANGUAGE_STANDARD = "gnu++14";
				CLANG_CXX_LIBRARY = "libc++";
				CLANG_ENABLE_MODULES = YES;
				CLANG_ENABLE_OBJC_ARC = YES;
				CLANG_ENABLE_OBJC_WEAK = YES;
				CLANG_WARN_BLOCK_CAPTURE_AUTORELEASING = YES;
				CLANG_WARN_BOOL_CONVERSION = YES;
				CLANG_WARN_COMMA = YES;
				CLANG_WARN_CONSTANT_CONVERSION = YES;
				CLANG_WARN_DEPRECATED_OBJC_IMPLEMENTATIONS = YES;
				CLANG_WARN_DIRECT_OBJC_ISA_USAGE = YES_ERROR;
				CLANG_WARN_DOCUMENTATION_COMMENTS = YES;
				CLANG_WARN_EMPTY_BODY = YES;
				CLANG_WARN_ENUM_CONVERSION = YES;
				CLANG_WARN_INFINITE_RECURSION = YES;
				CLANG_WARN_INT_CONVERSION = YES;
				CLANG_WARN_NON_LITERAL_NULL_CONVERSION = YES;
				CLANG_WARN_OBJC_IMPLICIT_RETAIN_SELF = YES;
				CLANG_WARN_OBJC_LITERAL_CONVERSION = YES;
				CLANG_WARN_OBJC_ROOT_CLASS = YES_ERROR;
				CLANG_WARN_RANGE_LOOP_ANALYSIS = YES;
				CLANG_WARN_STRICT_PROTOTYPES = YES;
				CLANG_WARN_SUSPICIOUS_MOVE = YES;
				CLANG_WARN_UNGUARDED_AVAILABILITY = YES_AGGRESSIVE;
				CLANG_WARN_UNREACHABLE_CODE = YES;
				CLANG_WARN__DUPLICATE_METHOD_MATCH = YES;
				CODE_SIGN_IDENTITY = "iPhone Developer";
				COPY_PHASE_STRIP = NO;
				DEBUG_INFORMATION_FORMAT = "dwarf-with-dsym";
				ENABLE_NS_ASSERTIONS = NO;
				ENABLE_STRICT_OBJC_MSGSEND = YES;
				GCC_C_LANGUAGE_STANDARD = gnu11;
				GCC_NO_COMMON_BLOCKS = YES;
				GCC_WARN_64_TO_32_BIT_CONVERSION = YES;
				GCC_WARN_ABOUT_RETURN_TYPE = YES_ERROR;
				GCC_WARN_UNDECLARED_SELECTOR = YES;
				GCC_WARN_UNINITIALIZED_AUTOS = YES_AGGRESSIVE;
				GCC_WARN_UNUSED_FUNCTION = YES;
				GCC_WARN_UNUSED_VARIABLE = YES;
				IPHONEOS_DEPLOYMENT_TARGET = 12.1;
				MTL_ENABLE_DEBUG_INFO = NO;
				MTL_FAST_MATH = YES;
				SDKROOT = iphoneos;
				SWIFT_COMPILATION_MODE = wholemodule;
				SWIFT_OPTIMIZATION_LEVEL = "-O";
				VALIDATE_PRODUCT = YES;
			};
			name = Release;
		};
		F0C7FE4923E1ECA0007DA756 /* Debug */ = {
			isa = XCBuildConfiguration;
			baseConfigurationReference = 06A080BE6F2AFB72AC4B8872 /* Pods-Smack.debug.xcconfig */;
			buildSettings = {
				ASSETCATALOG_COMPILER_APPICON_NAME = AppIcon;
				CLANG_ENABLE_MODULES = YES;
				CODE_SIGN_STYLE = Automatic;
				DEVELOPMENT_TEAM = RRY23T8ULF;
				INFOPLIST_FILE = Smack/Info.plist;
				IPHONEOS_DEPLOYMENT_TARGET = 12.1;
				LD_RUNPATH_SEARCH_PATHS = (
					"$(inherited)",
					"@executable_path/Frameworks",
				);
				PRODUCT_BUNDLE_IDENTIFIER = PeterEmel.Smack;
				PRODUCT_NAME = "$(TARGET_NAME)";
				SWIFT_OBJC_BRIDGING_HEADER = "Smack/Supporting Files/Smack-Bridging-Header.h";
				SWIFT_OPTIMIZATION_LEVEL = "-Onone";
				SWIFT_VERSION = 4.2;
				TARGETED_DEVICE_FAMILY = "1,2";
			};
			name = Debug;
		};
		F0C7FE4A23E1ECA0007DA756 /* Release */ = {
			isa = XCBuildConfiguration;
			baseConfigurationReference = DC88B26D8E93CC5C06BFD919 /* Pods-Smack.release.xcconfig */;
			buildSettings = {
				ASSETCATALOG_COMPILER_APPICON_NAME = AppIcon;
				CLANG_ENABLE_MODULES = YES;
				CODE_SIGN_STYLE = Automatic;
				DEVELOPMENT_TEAM = RRY23T8ULF;
				INFOPLIST_FILE = Smack/Info.plist;
				IPHONEOS_DEPLOYMENT_TARGET = 12.1;
				LD_RUNPATH_SEARCH_PATHS = (
					"$(inherited)",
					"@executable_path/Frameworks",
				);
				PRODUCT_BUNDLE_IDENTIFIER = PeterEmel.Smack;
				PRODUCT_NAME = "$(TARGET_NAME)";
				SWIFT_OBJC_BRIDGING_HEADER = "Smack/Supporting Files/Smack-Bridging-Header.h";
				SWIFT_VERSION = 4.2;
				TARGETED_DEVICE_FAMILY = "1,2";
			};
			name = Release;
		};
/* End XCBuildConfiguration section */

/* Begin XCConfigurationList section */
		F0C7FE3123E1EC9B007DA756 /* Build configuration list for PBXProject "Smack" */ = {
			isa = XCConfigurationList;
			buildConfigurations = (
				F0C7FE4623E1ECA0007DA756 /* Debug */,
				F0C7FE4723E1ECA0007DA756 /* Release */,
			);
			defaultConfigurationIsVisible = 0;
			defaultConfigurationName = Release;
		};
		F0C7FE4823E1ECA0007DA756 /* Build configuration list for PBXNativeTarget "Smack" */ = {
			isa = XCConfigurationList;
			buildConfigurations = (
				F0C7FE4923E1ECA0007DA756 /* Debug */,
				F0C7FE4A23E1ECA0007DA756 /* Release */,
			);
			defaultConfigurationIsVisible = 0;
			defaultConfigurationName = Release;
		};
/* End XCConfigurationList section */
	};
	rootObject = F0C7FE2E23E1EC9B007DA756 /* Project object */;
}
